
Microsoft Visual Studio Solution File, Format Version 12.00
# Visual Studio Version 17
VisualStudioVersion = 17.7.34031.279
MinimumVisualStudioVersion = 10.0.40219.1
Project("{FAE04EC0-301F-11D3-BF4B-00C04F79EFBC}") = "Variables", "Variables\Variables.csproj", "{7EEC360A-FA4C-40AE-A60E-B06978280D19}"
EndProject
Global
	GlobalSection(SolutionConfigurationPlatforms) = preSolution
		Debug|Any CPU = Debug|Any CPU
		Release|Any CPU = Release|Any CPU
	EndGlobalSection
	GlobalSection(ProjectConfigurationPlatforms) = postSolution
		{7EEC360A-FA4C-40AE-A60E-B06978280D19}.Debug|Any CPU.ActiveCfg = Debug|Any CPU
		{7EEC360A-FA4C-40AE-A60E-B06978280D19}.Debug|Any CPU.Build.0 = Debug|Any CPU
		{7EEC360A-FA4C-40AE-A60E-B06978280D19}.Release|Any CPU.ActiveCfg = Release|Any CPU
		{7EEC360A-FA4C-40AE-A60E-B06978280D19}.Release|Any CPU.Build.0 = Release|Any CPU
	EndGlobalSection
	GlobalSection(SolutionProperties) = preSolution
		HideSolutionNode = FALSE
	EndGlobalSection
	GlobalSection(ExtensibilityGlobals) = postSolution
		SolutionGuid = {53D35E13-3740-4472-BC29-AF19DE69A335}
	EndGlobalSection
EndGlobal
